
Microsoft Visual Studio Solution File, Format Version 11.00
# Visual Studio 2010
Project("{FAE04EC0-301F-11D3-BF4B-00C04F79EFBC}") = "Problem30", "Problem30\Problem30.csproj", "{A32276FD-7A4F-4E3B-941A-7E2B419CE3E0}"
EndProject
Global
	GlobalSection(SolutionConfigurationPlatforms) = preSolution
		Debug|x86 = Debug|x86
		Release|x86 = Release|x86
	EndGlobalSection
	GlobalSection(ProjectConfigurationPlatforms) = postSolution
		{A32276FD-7A4F-4E3B-941A-7E2B419CE3E0}.Debug|x86.ActiveCfg = Debug|x86
		{A32276FD-7A4F-4E3B-941A-7E2B419CE3E0}.Debug|x86.Build.0 = Debug|x86
		{A32276FD-7A4F-4E3B-941A-7E2B419CE3E0}.Release|x86.ActiveCfg = Release|x86
		{A32276FD-7A4F-4E3B-941A-7E2B419CE3E0}.Release|x86.Build.0 = Release|x86
	EndGlobalSection
	GlobalSection(SolutionProperties) = preSolution
		HideSolutionNode = FALSE
	EndGlobalSection
EndGlobal
