
Microsoft Visual Studio Solution File, Format Version 11.00
# Visual Studio 2010
Project("{FAE04EC0-301F-11D3-BF4B-00C04F79EFBC}") = "Problem31", "Problem31\Problem31.csproj", "{BF0A1ABB-ABDD-4416-8AEE-E9D304A84334}"
EndProject
Global
	GlobalSection(SolutionConfigurationPlatforms) = preSolution
		Debug|x86 = Debug|x86
		Release|x86 = Release|x86
	EndGlobalSection
	GlobalSection(ProjectConfigurationPlatforms) = postSolution
		{BF0A1ABB-ABDD-4416-8AEE-E9D304A84334}.Debug|x86.ActiveCfg = Debug|x86
		{BF0A1ABB-ABDD-4416-8AEE-E9D304A84334}.Debug|x86.Build.0 = Debug|x86
		{BF0A1ABB-ABDD-4416-8AEE-E9D304A84334}.Release|x86.ActiveCfg = Release|x86
		{BF0A1ABB-ABDD-4416-8AEE-E9D304A84334}.Release|x86.Build.0 = Release|x86
	EndGlobalSection
	GlobalSection(SolutionProperties) = preSolution
		HideSolutionNode = FALSE
	EndGlobalSection
EndGlobal
