
Microsoft Visual Studio Solution File, Format Version 11.00
# Visual Studio 2010
Project("{888888A0-9F3D-457C-B088-3A5042F75D52}") = "Problem4-Python", "Problem4-Python\Problem4-Python.pyproj", "{2D0A7367-931D-43F4-9F1F-94C64FD71339}"
EndProject
Global
	GlobalSection(SolutionConfigurationPlatforms) = preSolution
		Debug|Any CPU = Debug|Any CPU
		Release|Any CPU = Release|Any CPU
	EndGlobalSection
	GlobalSection(ProjectConfigurationPlatforms) = postSolution
		{2D0A7367-931D-43F4-9F1F-94C64FD71339}.Debug|Any CPU.ActiveCfg = Debug|Any CPU
		{2D0A7367-931D-43F4-9F1F-94C64FD71339}.Debug|Any CPU.Build.0 = Debug|Any CPU
		{2D0A7367-931D-43F4-9F1F-94C64FD71339}.Release|Any CPU.ActiveCfg = Release|Any CPU
		{2D0A7367-931D-43F4-9F1F-94C64FD71339}.Release|Any CPU.Build.0 = Release|Any CPU
	EndGlobalSection
	GlobalSection(SolutionProperties) = preSolution
		HideSolutionNode = FALSE
	EndGlobalSection
EndGlobal
