
Microsoft Visual Studio Solution File, Format Version 11.00
# Visual Studio 2010
Project("{F2A71F9B-5D33-465A-A702-920D77279786}") = "Problem3", "Problem3\Problem3.fsproj", "{768689EC-E490-4AA0-89B5-27F3D4E9EC00}"
EndProject
Global
	GlobalSection(SolutionConfigurationPlatforms) = preSolution
		Debug|x86 = Debug|x86
		Release|x86 = Release|x86
	EndGlobalSection
	GlobalSection(ProjectConfigurationPlatforms) = postSolution
		{768689EC-E490-4AA0-89B5-27F3D4E9EC00}.Debug|x86.ActiveCfg = Debug|x86
		{768689EC-E490-4AA0-89B5-27F3D4E9EC00}.Debug|x86.Build.0 = Debug|x86
		{768689EC-E490-4AA0-89B5-27F3D4E9EC00}.Release|x86.ActiveCfg = Release|x86
		{768689EC-E490-4AA0-89B5-27F3D4E9EC00}.Release|x86.Build.0 = Release|x86
	EndGlobalSection
	GlobalSection(SolutionProperties) = preSolution
		HideSolutionNode = FALSE
	EndGlobalSection
EndGlobal
