
Microsoft Visual Studio Solution File, Format Version 11.00
# Visual Studio 2010
Project("{F2A71F9B-5D33-465A-A702-920D77279786}") = "Problem21", "Problem21\Problem21.fsproj", "{99CD73A8-40EC-4A52-9611-1E58D6B7332C}"
EndProject
Global
	GlobalSection(SolutionConfigurationPlatforms) = preSolution
		Debug|x86 = Debug|x86
		Release|x86 = Release|x86
	EndGlobalSection
	GlobalSection(ProjectConfigurationPlatforms) = postSolution
		{99CD73A8-40EC-4A52-9611-1E58D6B7332C}.Debug|x86.ActiveCfg = Debug|x86
		{99CD73A8-40EC-4A52-9611-1E58D6B7332C}.Debug|x86.Build.0 = Debug|x86
		{99CD73A8-40EC-4A52-9611-1E58D6B7332C}.Release|x86.ActiveCfg = Release|x86
		{99CD73A8-40EC-4A52-9611-1E58D6B7332C}.Release|x86.Build.0 = Release|x86
	EndGlobalSection
	GlobalSection(SolutionProperties) = preSolution
		HideSolutionNode = FALSE
	EndGlobalSection
EndGlobal
