
Microsoft Visual Studio Solution File, Format Version 11.00
# Visual Studio 2010
Project("{FAE04EC0-301F-11D3-BF4B-00C04F79EFBC}") = "Problem41", "Problem41\Problem41.csproj", "{444DAFA3-DFEA-4DB6-BACD-F33933E6D9FB}"
EndProject
Global
	GlobalSection(SolutionConfigurationPlatforms) = preSolution
		Debug|x86 = Debug|x86
		Release|x86 = Release|x86
	EndGlobalSection
	GlobalSection(ProjectConfigurationPlatforms) = postSolution
		{444DAFA3-DFEA-4DB6-BACD-F33933E6D9FB}.Debug|x86.ActiveCfg = Debug|x86
		{444DAFA3-DFEA-4DB6-BACD-F33933E6D9FB}.Debug|x86.Build.0 = Debug|x86
		{444DAFA3-DFEA-4DB6-BACD-F33933E6D9FB}.Release|x86.ActiveCfg = Release|x86
		{444DAFA3-DFEA-4DB6-BACD-F33933E6D9FB}.Release|x86.Build.0 = Release|x86
	EndGlobalSection
	GlobalSection(SolutionProperties) = preSolution
		HideSolutionNode = FALSE
	EndGlobalSection
EndGlobal
