
Microsoft Visual Studio Solution File, Format Version 11.00
# Visual Studio 2010
Project("{F2A71F9B-5D33-465A-A702-920D77279786}") = "Problem5", "Problem5\Problem5.fsproj", "{2983D588-577F-42C7-B46E-44BDABBC8F24}"
EndProject
Global
	GlobalSection(SolutionConfigurationPlatforms) = preSolution
		Debug|x86 = Debug|x86
		Release|x86 = Release|x86
	EndGlobalSection
	GlobalSection(ProjectConfigurationPlatforms) = postSolution
		{2983D588-577F-42C7-B46E-44BDABBC8F24}.Debug|x86.ActiveCfg = Debug|x86
		{2983D588-577F-42C7-B46E-44BDABBC8F24}.Debug|x86.Build.0 = Debug|x86
		{2983D588-577F-42C7-B46E-44BDABBC8F24}.Release|x86.ActiveCfg = Release|x86
		{2983D588-577F-42C7-B46E-44BDABBC8F24}.Release|x86.Build.0 = Release|x86
	EndGlobalSection
	GlobalSection(SolutionProperties) = preSolution
		HideSolutionNode = FALSE
	EndGlobalSection
EndGlobal
