
Microsoft Visual Studio Solution File, Format Version 11.00
# Visual Studio 2010
Project("{888888A0-9F3D-457C-B088-3A5042F75D52}") = "Problem7-Python", "Problem7-Python\Problem7-Python.pyproj", "{76556D8B-B661-41F1-B6C2-A346F4F5579D}"
EndProject
Global
	GlobalSection(SolutionConfigurationPlatforms) = preSolution
		Debug|Any CPU = Debug|Any CPU
		Release|Any CPU = Release|Any CPU
	EndGlobalSection
	GlobalSection(ProjectConfigurationPlatforms) = postSolution
		{76556D8B-B661-41F1-B6C2-A346F4F5579D}.Debug|Any CPU.ActiveCfg = Debug|Any CPU
		{76556D8B-B661-41F1-B6C2-A346F4F5579D}.Debug|Any CPU.Build.0 = Debug|Any CPU
		{76556D8B-B661-41F1-B6C2-A346F4F5579D}.Release|Any CPU.ActiveCfg = Release|Any CPU
		{76556D8B-B661-41F1-B6C2-A346F4F5579D}.Release|Any CPU.Build.0 = Release|Any CPU
	EndGlobalSection
	GlobalSection(SolutionProperties) = preSolution
		HideSolutionNode = FALSE
	EndGlobalSection
EndGlobal
