
Microsoft Visual Studio Solution File, Format Version 11.00
# Visual Studio 2010
Project("{FAE04EC0-301F-11D3-BF4B-00C04F79EFBC}") = "Problem46", "Problem46\Problem46.csproj", "{AA32F27E-38F2-4E71-91E8-63E139F9CA84}"
EndProject
Global
	GlobalSection(SolutionConfigurationPlatforms) = preSolution
		Debug|x86 = Debug|x86
		Release|x86 = Release|x86
	EndGlobalSection
	GlobalSection(ProjectConfigurationPlatforms) = postSolution
		{AA32F27E-38F2-4E71-91E8-63E139F9CA84}.Debug|x86.ActiveCfg = Debug|x86
		{AA32F27E-38F2-4E71-91E8-63E139F9CA84}.Debug|x86.Build.0 = Debug|x86
		{AA32F27E-38F2-4E71-91E8-63E139F9CA84}.Release|x86.ActiveCfg = Release|x86
		{AA32F27E-38F2-4E71-91E8-63E139F9CA84}.Release|x86.Build.0 = Release|x86
	EndGlobalSection
	GlobalSection(SolutionProperties) = preSolution
		HideSolutionNode = FALSE
	EndGlobalSection
EndGlobal
