
Microsoft Visual Studio Solution File, Format Version 11.00
# Visual Studio 2010
Project("{FAE04EC0-301F-11D3-BF4B-00C04F79EFBC}") = "Problem17", "Problem17\Problem17.csproj", "{77574452-0FA5-487F-835F-1A57E2D4D004}"
EndProject
Global
	GlobalSection(SolutionConfigurationPlatforms) = preSolution
		Debug|x86 = Debug|x86
		Release|x86 = Release|x86
	EndGlobalSection
	GlobalSection(ProjectConfigurationPlatforms) = postSolution
		{77574452-0FA5-487F-835F-1A57E2D4D004}.Debug|x86.ActiveCfg = Debug|x86
		{77574452-0FA5-487F-835F-1A57E2D4D004}.Debug|x86.Build.0 = Debug|x86
		{77574452-0FA5-487F-835F-1A57E2D4D004}.Release|x86.ActiveCfg = Release|x86
		{77574452-0FA5-487F-835F-1A57E2D4D004}.Release|x86.Build.0 = Release|x86
	EndGlobalSection
	GlobalSection(SolutionProperties) = preSolution
		HideSolutionNode = FALSE
	EndGlobalSection
EndGlobal
