
Microsoft Visual Studio Solution File, Format Version 11.00
# Visual Studio 2010
Project("{F2A71F9B-5D33-465A-A702-920D77279786}") = "Problem 9", "Problem 9\Problem 9.fsproj", "{E0D34F72-0790-41F7-B095-DA6108727725}"
EndProject
Global
	GlobalSection(SolutionConfigurationPlatforms) = preSolution
		Debug|x86 = Debug|x86
		Release|x86 = Release|x86
	EndGlobalSection
	GlobalSection(ProjectConfigurationPlatforms) = postSolution
		{E0D34F72-0790-41F7-B095-DA6108727725}.Debug|x86.ActiveCfg = Debug|x86
		{E0D34F72-0790-41F7-B095-DA6108727725}.Debug|x86.Build.0 = Debug|x86
		{E0D34F72-0790-41F7-B095-DA6108727725}.Release|x86.ActiveCfg = Release|x86
		{E0D34F72-0790-41F7-B095-DA6108727725}.Release|x86.Build.0 = Release|x86
	EndGlobalSection
	GlobalSection(SolutionProperties) = preSolution
		HideSolutionNode = FALSE
	EndGlobalSection
EndGlobal
